
Microsoft Visual Studio Solution File, Format Version 12.00
# Visual Studio 15
VisualStudioVersion = 15.0.28307.168
MinimumVisualStudioVersion = 10.0.40219.1
Project("{FAE04EC0-301F-11D3-BF4B-00C04F79EFBC}") = "C0727100", "C0727100\C0727100.csproj", "{FD3344C7-538C-4D6C-ACDB-2A948168C477}"
EndProject
Global
	GlobalSection(SolutionConfigurationPlatforms) = preSolution
		Debug|Any CPU = Debug|Any CPU
		Release|Any CPU = Release|Any CPU
	EndGlobalSection
	GlobalSection(ProjectConfigurationPlatforms) = postSolution
		{FD3344C7-538C-4D6C-ACDB-2A948168C477}.Debug|Any CPU.ActiveCfg = Debug|Any CPU
		{FD3344C7-538C-4D6C-ACDB-2A948168C477}.Debug|Any CPU.Build.0 = Debug|Any CPU
		{FD3344C7-538C-4D6C-ACDB-2A948168C477}.Release|Any CPU.ActiveCfg = Release|Any CPU
		{FD3344C7-538C-4D6C-ACDB-2A948168C477}.Release|Any CPU.Build.0 = Release|Any CPU
	EndGlobalSection
	GlobalSection(SolutionProperties) = preSolution
		HideSolutionNode = FALSE
	EndGlobalSection
	GlobalSection(ExtensibilityGlobals) = postSolution
		SolutionGuid = {72A6C83E-08AC-4020-B916-D3388BDBF37E}
	EndGlobalSection
EndGlobal
